
Microsoft Visual Studio Solution File, Format Version 12.00
# Visual Studio 14
VisualStudioVersion = 14.0.25420.1
MinimumVisualStudioVersion = 10.0.40219.1
Project("{8BC9CEB8-8B4A-11D0-8D11-00A0C91BC942}") = "smith", "smith\smith.vcxproj", "{D95E69D0-669D-40EB-9B68-8377B18C5DB0}"
EndProject
Global
	GlobalSection(SolutionConfigurationPlatforms) = preSolution
		Debug|x64 = Debug|x64
		Debug|x86 = Debug|x86
		Release|x64 = Release|x64
		Release|x86 = Release|x86
	EndGlobalSection
	GlobalSection(ProjectConfigurationPlatforms) = postSolution
		{D95E69D0-669D-40EB-9B68-8377B18C5DB0}.Debug|x64.ActiveCfg = Debug|x64
		{D95E69D0-669D-40EB-9B68-8377B18C5DB0}.Debug|x64.Build.0 = Debug|x64
		{D95E69D0-669D-40EB-9B68-8377B18C5DB0}.Debug|x86.ActiveCfg = Debug|Win32
		{D95E69D0-669D-40EB-9B68-8377B18C5DB0}.Debug|x86.Build.0 = Debug|Win32
		{D95E69D0-669D-40EB-9B68-8377B18C5DB0}.Release|x64.ActiveCfg = Release|x64
		{D95E69D0-669D-40EB-9B68-8377B18C5DB0}.Release|x64.Build.0 = Release|x64
		{D95E69D0-669D-40EB-9B68-8377B18C5DB0}.Release|x86.ActiveCfg = Release|Win32
		{D95E69D0-669D-40EB-9B68-8377B18C5DB0}.Release|x86.Build.0 = Release|Win32
	EndGlobalSection
	GlobalSection(SolutionProperties) = preSolution
		HideSolutionNode = FALSE
	EndGlobalSection
EndGlobal
